// !$*UTF8*$!
{
	archiveVersion = 1;
	classes = {
	};
	objectVersion = 54;
	objects = {

/* Begin PBXBuildFile section */
		AC21F5492D8BB2EA00E305FD /* GCDUtils.m in Sources */ = {isa = PBXBuildFile; fileRef = AC21F5482D8BB2EA00E305FD /* GCDUtils.m */; };
		AC21F54D2D8D00D700E305FD /* DeadLocks.m in Sources */ = {isa = PBXBuildFile; fileRef = AC21F54C2D8D00D700E305FD /* DeadLocks.m */; };
		AC4014332D5DE26200C1D220 /* SwizzleUtils.m in Sources */ = {isa = PBXBuildFile; fileRef = AC4014322D5DE26200C1D220 /* SwizzleUtils.m */; };
		AC9BAB442D9B7E6D00AD5165 /* DataPersistence.m in Sources */ = {isa = PBXBuildFile; fileRef = AC9BAB432D9B7E6D00AD5165 /* DataPersistence.m */; };
		AC9BAB472D9B833000AD5165 /* SavedData.m in Sources */ = {isa = PBXBuildFile; fileRef = AC9BAB462D9B833000AD5165 /* SavedData.m */; };
		AC9C874C26A6716F00FA58FA /* AppDelegate.m in Sources */ = {isa = PBXBuildFile; fileRef = AC9C874B26A6716F00FA58FA /* AppDelegate.m */; };
		AC9C874F26A6716F00FA58FA /* SceneDelegate.m in Sources */ = {isa = PBXBuildFile; fileRef = AC9C874E26A6716F00FA58FA /* SceneDelegate.m */; };
		AC9C875226A6716F00FA58FA /* ViewController.m in Sources */ = {isa = PBXBuildFile; fileRef = AC9C875126A6716F00FA58FA /* ViewController.m */; };
		AC9C875526A6716F00FA58FA /* Main.storyboard in Resources */ = {isa = PBXBuildFile; fileRef = AC9C875326A6716F00FA58FA /* Main.storyboard */; };
		AC9C875726A6717000FA58FA /* Assets.xcassets in Resources */ = {isa = PBXBuildFile; fileRef = AC9C875626A6717000FA58FA /* Assets.xcassets */; };
		AC9C875A26A6717000FA58FA /* LaunchScreen.storyboard in Resources */ = {isa = PBXBuildFile; fileRef = AC9C875826A6717000FA58FA /* LaunchScreen.storyboard */; };
		AC9C875D26A6717000FA58FA /* main.m in Sources */ = {isa = PBXBuildFile; fileRef = AC9C875C26A6717000FA58FA /* main.m */; };
		ACD44FC02D76D4000052EADB /* RuntimeUtils.m in Sources */ = {isa = PBXBuildFile; fileRef = ACD44FBF2D76D4000052EADB /* RuntimeUtils.m */; };
		ACD44FC42D76DAE90052EADB /* NSObject+Model.m in Sources */ = {isa = PBXBuildFile; fileRef = ACD44FC32D76DAE90052EADB /* NSObject+Model.m */; };
		ACD44FC72D76DBD90052EADB /* Person.m in Sources */ = {isa = PBXBuildFile; fileRef = ACD44FC62D76DBD90052EADB /* Person.m */; };
/* End PBXBuildFile section */

/* Begin PBXFileReference section */
		AC21F5472D8BB2EA00E305FD /* GCDUtils.h */ = {isa = PBXFileReference; lastKnownFileType = sourcecode.c.h; path = GCDUtils.h; sourceTree = "<group>"; };
		AC21F5482D8BB2EA00E305FD /* GCDUtils.m */ = {isa = PBXFileReference; lastKnownFileType = sourcecode.c.objc; path = GCDUtils.m; sourceTree = "<group>"; };
		AC21F54B2D8D00D700E305FD /* DeadLocks.h */ = {isa = PBXFileReference; lastKnownFileType = sourcecode.c.h; path = DeadLocks.h; sourceTree = "<group>"; };
		AC21F54C2D8D00D700E305FD /* DeadLocks.m */ = {isa = PBXFileReference; lastKnownFileType = sourcecode.c.objc; path = DeadLocks.m; sourceTree = "<group>"; };
		AC4014312D5DE24700C1D220 /* SwizzleUtils.h */ = {isa = PBXFileReference; lastKnownFileType = sourcecode.c.h; path = SwizzleUtils.h; sourceTree = "<group>"; };
		AC4014322D5DE26200C1D220 /* SwizzleUtils.m */ = {isa = PBXFileReference; lastKnownFileType = sourcecode.c.objc; path = SwizzleUtils.m; sourceTree = "<group>"; };
		AC9BAB422D9B7E6D00AD5165 /* DataPersistence.h */ = {isa = PBXFileReference; lastKnownFileType = sourcecode.c.h; path = DataPersistence.h; sourceTree = "<group>"; };
		AC9BAB432D9B7E6D00AD5165 /* DataPersistence.m */ = {isa = PBXFileReference; lastKnownFileType = sourcecode.c.objc; path = DataPersistence.m; sourceTree = "<group>"; };
		AC9BAB452D9B833000AD5165 /* SavedData.h */ = {isa = PBXFileReference; lastKnownFileType = sourcecode.c.h; path = SavedData.h; sourceTree = "<group>"; };
		AC9BAB462D9B833000AD5165 /* SavedData.m */ = {isa = PBXFileReference; lastKnownFileType = sourcecode.c.objc; path = SavedData.m; sourceTree = "<group>"; };
		AC9C874726A6716F00FA58FA /* MyBaseOC.app */ = {isa = PBXFileReference; explicitFileType = wrapper.application; includeInIndex = 0; path = MyBaseOC.app; sourceTree = BUILT_PRODUCTS_DIR; };
		AC9C874A26A6716F00FA58FA /* AppDelegate.h */ = {isa = PBXFileReference; lastKnownFileType = sourcecode.c.h; path = AppDelegate.h; sourceTree = "<group>"; };
		AC9C874B26A6716F00FA58FA /* AppDelegate.m */ = {isa = PBXFileReference; lastKnownFileType = sourcecode.c.objc; path = AppDelegate.m; sourceTree = "<group>"; };
		AC9C874D26A6716F00FA58FA /* SceneDelegate.h */ = {isa = PBXFileReference; lastKnownFileType = sourcecode.c.h; path = SceneDelegate.h; sourceTree = "<group>"; };
		AC9C874E26A6716F00FA58FA /* SceneDelegate.m */ = {isa = PBXFileReference; lastKnownFileType = sourcecode.c.objc; path = SceneDelegate.m; sourceTree = "<group>"; };
		AC9C875026A6716F00FA58FA /* ViewController.h */ = {isa = PBXFileReference; lastKnownFileType = sourcecode.c.h; path = ViewController.h; sourceTree = "<group>"; };
		AC9C875126A6716F00FA58FA /* ViewController.m */ = {isa = PBXFileReference; lastKnownFileType = sourcecode.c.objc; path = ViewController.m; sourceTree = "<group>"; };
		AC9C875426A6716F00FA58FA /* Base */ = {isa = PBXFileReference; lastKnownFileType = file.storyboard; name = Base; path = Base.lproj/Main.storyboard; sourceTree = "<group>"; };
		AC9C875626A6717000FA58FA /* Assets.xcassets */ = {isa = PBXFileReference; lastKnownFileType = folder.assetcatalog; path = Assets.xcassets; sourceTree = "<group>"; };
		AC9C875926A6717000FA58FA /* Base */ = {isa = PBXFileReference; lastKnownFileType = file.storyboard; name = Base; path = Base.lproj/LaunchScreen.storyboard; sourceTree = "<group>"; };
		AC9C875B26A6717000FA58FA /* Info.plist */ = {isa = PBXFileReference; lastKnownFileType = text.plist.xml; path = Info.plist; sourceTree = "<group>"; };
		AC9C875C26A6717000FA58FA /* main.m */ = {isa = PBXFileReference; lastKnownFileType = sourcecode.c.objc; path = main.m; sourceTree = "<group>"; };
		ACD44FBE2D76D4000052EADB /* RuntimeUtils.h */ = {isa = PBXFileReference; lastKnownFileType = sourcecode.c.h; path = RuntimeUtils.h; sourceTree = "<group>"; };
		ACD44FBF2D76D4000052EADB /* RuntimeUtils.m */ = {isa = PBXFileReference; lastKnownFileType = sourcecode.c.objc; path = RuntimeUtils.m; sourceTree = "<group>"; };
		ACD44FC22D76DAE90052EADB /* NSObject+Model.h */ = {isa = PBXFileReference; lastKnownFileType = sourcecode.c.h; path = "NSObject+Model.h"; sourceTree = "<group>"; };
		ACD44FC32D76DAE90052EADB /* NSObject+Model.m */ = {isa = PBXFileReference; lastKnownFileType = sourcecode.c.objc; path = "NSObject+Model.m"; sourceTree = "<group>"; };
		ACD44FC52D76DBD90052EADB /* Person.h */ = {isa = PBXFileReference; lastKnownFileType = sourcecode.c.h; path = Person.h; sourceTree = "<group>"; };
		ACD44FC62D76DBD90052EADB /* Person.m */ = {isa = PBXFileReference; lastKnownFileType = sourcecode.c.objc; path = Person.m; sourceTree = "<group>"; };
/* End PBXFileReference section */

/* Begin PBXFrameworksBuildPhase section */
		AC9C874426A6716F00FA58FA /* Frameworks */ = {
			isa = PBXFrameworksBuildPhase;
			buildActionMask = 2147483647;
			files = (
			);
			runOnlyForDeploymentPostprocessing = 0;
		};
/* End PBXFrameworksBuildPhase section */

/* Begin PBXGroup section */
		2F03101636BF52462F19DC12 /* Pods */ = {
			isa = PBXGroup;
			children = (
			);
			path = Pods;
			sourceTree = "<group>";
		};
		AC21F54A2D8D00C000E305FD /* Samples */ = {
			isa = PBXGroup;
			children = (
				AC21F54B2D8D00D700E305FD /* DeadLocks.h */,
				AC21F54C2D8D00D700E305FD /* DeadLocks.m */,
			);
			path = Samples;
			sourceTree = "<group>";
		};
		AC4014302D5DE15F00C1D220 /* Uitls */ = {
			isa = PBXGroup;
			children = (
				AC4014312D5DE24700C1D220 /* SwizzleUtils.h */,
				AC4014322D5DE26200C1D220 /* SwizzleUtils.m */,
				ACD44FBE2D76D4000052EADB /* RuntimeUtils.h */,
				ACD44FBF2D76D4000052EADB /* RuntimeUtils.m */,
				AC21F5472D8BB2EA00E305FD /* GCDUtils.h */,
				AC21F5482D8BB2EA00E305FD /* GCDUtils.m */,
				AC9BAB422D9B7E6D00AD5165 /* DataPersistence.h */,
				AC9BAB432D9B7E6D00AD5165 /* DataPersistence.m */,
			);
			path = Uitls;
			sourceTree = "<group>";
		};
		AC9C873E26A6716F00FA58FA = {
			isa = PBXGroup;
			children = (
				AC9C874926A6716F00FA58FA /* MyBaseOC */,
				AC9C874826A6716F00FA58FA /* Products */,
				2F03101636BF52462F19DC12 /* Pods */,
			);
			sourceTree = "<group>";
		};
		AC9C874826A6716F00FA58FA /* Products */ = {
			isa = PBXGroup;
			children = (
				AC9C874726A6716F00FA58FA /* MyBaseOC.app */,
			);
			name = Products;
			sourceTree = "<group>";
		};
		AC9C874926A6716F00FA58FA /* MyBaseOC */ = {
			isa = PBXGroup;
			children = (
				AC21F54A2D8D00C000E305FD /* Samples */,
				ACD44FC12D76DA5D0052EADB /* Categories */,
				AC4014302D5DE15F00C1D220 /* Uitls */,
				AC9C876726A674A700FA58FA /* Models */,
				AC9C876626A6749600FA58FA /* Config */,
				AC9C876526A6748A00FA58FA /* Extensions */,
				AC9C876426A6746100FA58FA /* CustomViews */,
				AC9C876326A6743200FA58FA /* Resources */,
				AC9C874A26A6716F00FA58FA /* AppDelegate.h */,
				AC9C874B26A6716F00FA58FA /* AppDelegate.m */,
				AC9C874D26A6716F00FA58FA /* SceneDelegate.h */,
				AC9C874E26A6716F00FA58FA /* SceneDelegate.m */,
				AC9C875026A6716F00FA58FA /* ViewController.h */,
				AC9C875126A6716F00FA58FA /* ViewController.m */,
				AC9C875326A6716F00FA58FA /* Main.storyboard */,
				AC9C875826A6717000FA58FA /* LaunchScreen.storyboard */,
				AC9C875B26A6717000FA58FA /* Info.plist */,
				AC9C875C26A6717000FA58FA /* main.m */,
			);
			path = MyBaseOC;
			sourceTree = "<group>";
		};
		AC9C876326A6743200FA58FA /* Resources */ = {
			isa = PBXGroup;
			children = (
				AC9C875626A6717000FA58FA /* Assets.xcassets */,
			);
			path = Resources;
			sourceTree = "<group>";
		};
		AC9C876426A6746100FA58FA /* CustomViews */ = {
			isa = PBXGroup;
			children = (
				AC9C876826A674B700FA58FA /* Cells */,
			);
			path = CustomViews;
			sourceTree = "<group>";
		};
		AC9C876526A6748A00FA58FA /* Extensions */ = {
			isa = PBXGroup;
			children = (
			);
			path = Extensions;
			sourceTree = "<group>";
		};
		AC9C876626A6749600FA58FA /* Config */ = {
			isa = PBXGroup;
			children = (
			);
			path = Config;
			sourceTree = "<group>";
		};
		AC9C876726A674A700FA58FA /* Models */ = {
			isa = PBXGroup;
			children = (
				ACD44FC52D76DBD90052EADB /* Person.h */,
				ACD44FC62D76DBD90052EADB /* Person.m */,
				AC9BAB452D9B833000AD5165 /* SavedData.h */,
				AC9BAB462D9B833000AD5165 /* SavedData.m */,
			);
			path = Models;
			sourceTree = "<group>";
		};
		AC9C876826A674B700FA58FA /* Cells */ = {
			isa = PBXGroup;
			children = (
			);
			path = Cells;
			sourceTree = "<group>";
		};
		ACD44FC12D76DA5D0052EADB /* Categories */ = {
			isa = PBXGroup;
			children = (
				ACD44FC22D76DAE90052EADB /* NSObject+Model.h */,
				ACD44FC32D76DAE90052EADB /* NSObject+Model.m */,
			);
			path = Categories;
			sourceTree = "<group>";
		};
/* End PBXGroup section */

/* Begin PBXNativeTarget section */
		AC9C874626A6716F00FA58FA /* MyBaseOC */ = {
			isa = PBXNativeTarget;
			buildConfigurationList = AC9C876026A6717000FA58FA /* Build configuration list for PBXNativeTarget "MyBaseOC" */;
			buildPhases = (
				AC9C874326A6716F00FA58FA /* Sources */,
				AC9C874426A6716F00FA58FA /* Frameworks */,
				AC9C874526A6716F00FA58FA /* Resources */,
			);
			buildRules = (
			);
			dependencies = (
			);
			name = MyBaseOC;
			productName = MyBaseOC;
			productReference = AC9C874726A6716F00FA58FA /* MyBaseOC.app */;
			productType = "com.apple.product-type.application";
		};
/* End PBXNativeTarget section */

/* Begin PBXProject section */
		AC9C873F26A6716F00FA58FA /* Project object */ = {
			isa = PBXProject;
			attributes = {
				BuildIndependentTargetsInParallel = YES;
				LastUpgradeCheck = 1620;
				TargetAttributes = {
					AC9C874626A6716F00FA58FA = {
						CreatedOnToolsVersion = 12.5.1;
					};
				};
			};
			buildConfigurationList = AC9C874226A6716F00FA58FA /* Build configuration list for PBXProject "MyBaseOC" */;
			compatibilityVersion = "Xcode 9.3";
			developmentRegion = en;
			hasScannedForEncodings = 0;
			knownRegions = (
				en,
				Base,
			);
			mainGroup = AC9C873E26A6716F00FA58FA;
			productRefGroup = AC9C874826A6716F00FA58FA /* Products */;
			projectDirPath = "";
			projectRoot = "";
			targets = (
				AC9C874626A6716F00FA58FA /* MyBaseOC */,
			);
		};
/* End PBXProject section */

/* Begin PBXResourcesBuildPhase section */
		AC9C874526A6716F00FA58FA /* Resources */ = {
			isa = PBXResourcesBuildPhase;
			buildActionMask = 2147483647;
			files = (
				AC9C875A26A6717000FA58FA /* LaunchScreen.storyboard in Resources */,
				AC9C875726A6717000FA58FA /* Assets.xcassets in Resources */,
				AC9C875526A6716F00FA58FA /* Main.storyboard in Resources */,
			);
			runOnlyForDeploymentPostprocessing = 0;
		};
/* End PBXResourcesBuildPhase section */

/* Begin PBXSourcesBuildPhase section */
		AC9C874326A6716F00FA58FA /* Sources */ = {
			isa = PBXSourcesBuildPhase;
			buildActionMask = 2147483647;
			files = (
				AC9C875226A6716F00FA58FA /* ViewController.m in Sources */,
				AC9C874C26A6716F00FA58FA /* AppDelegate.m in Sources */,
				ACD44FC72D76DBD90052EADB /* Person.m in Sources */,
				AC9BAB472D9B833000AD5165 /* SavedData.m in Sources */,
				AC9BAB442D9B7E6D00AD5165 /* DataPersistence.m in Sources */,
				AC21F5492D8BB2EA00E305FD /* GCDUtils.m in Sources */,
				ACD44FC42D76DAE90052EADB /* NSObject+Model.m in Sources */,
				AC9C875D26A6717000FA58FA /* main.m in Sources */,
				AC21F54D2D8D00D700E305FD /* DeadLocks.m in Sources */,
				AC4014332D5DE26200C1D220 /* SwizzleUtils.m in Sources */,
				ACD44FC02D76D4000052EADB /* RuntimeUtils.m in Sources */,
				AC9C874F26A6716F00FA58FA /* SceneDelegate.m in Sources */,
			);
			runOnlyForDeploymentPostprocessing = 0;
		};
/* End PBXSourcesBuildPhase section */

/* Begin PBXVariantGroup section */
		AC9C875326A6716F00FA58FA /* Main.storyboard */ = {
			isa = PBXVariantGroup;
			children = (
				AC9C875426A6716F00FA58FA /* Base */,
			);
			name = Main.storyboard;
			sourceTree = "<group>";
		};
		AC9C875826A6717000FA58FA /* LaunchScreen.storyboard */ = {
			isa = PBXVariantGroup;
			children = (
				AC9C875926A6717000FA58FA /* Base */,
			);
			name = LaunchScreen.storyboard;
			sourceTree = "<group>";
		};
/* End PBXVariantGroup section */

/* Begin XCBuildConfiguration section */
		AC9C875E26A6717000FA58FA /* Debug */ = {
			isa = XCBuildConfiguration;
			buildSettings = {
				ALWAYS_SEARCH_USER_PATHS = NO;
				CLANG_ANALYZER_NONNULL = YES;
				CLANG_ANALYZER_NUMBER_OBJECT_CONVERSION = YES_AGGRESSIVE;
				CLANG_CXX_LANGUAGE_STANDARD = "gnu++14";
				CLANG_CXX_LIBRARY = "libc++";
				CLANG_ENABLE_MODULES = YES;
				CLANG_ENABLE_OBJC_ARC = YES;
				CLANG_ENABLE_OBJC_WEAK = YES;
				CLANG_WARN_BLOCK_CAPTURE_AUTORELEASING = YES;
				CLANG_WARN_BOOL_CONVERSION = YES;
				CLANG_WARN_COMMA = YES;
				CLANG_WARN_CONSTANT_CONVERSION = YES;
				CLANG_WARN_DEPRECATED_OBJC_IMPLEMENTATIONS = YES;
				CLANG_WARN_DIRECT_OBJC_ISA_USAGE = YES_ERROR;
				CLANG_WARN_DOCUMENTATION_COMMENTS = YES;
				CLANG_WARN_EMPTY_BODY = YES;
				CLANG_WARN_ENUM_CONVERSION = YES;
				CLANG_WARN_INFINITE_RECURSION = YES;
				CLANG_WARN_INT_CONVERSION = YES;
				CLANG_WARN_NON_LITERAL_NULL_CONVERSION = YES;
				CLANG_WARN_OBJC_IMPLICIT_RETAIN_SELF = YES;
				CLANG_WARN_OBJC_LITERAL_CONVERSION = YES;
				CLANG_WARN_OBJC_ROOT_CLASS = YES_ERROR;
				CLANG_WARN_QUOTED_INCLUDE_IN_FRAMEWORK_HEADER = YES;
				CLANG_WARN_RANGE_LOOP_ANALYSIS = YES;
				CLANG_WARN_STRICT_PROTOTYPES = YES;
				CLANG_WARN_SUSPICIOUS_MOVE = YES;
				CLANG_WARN_UNGUARDED_AVAILABILITY = YES_AGGRESSIVE;
				CLANG_WARN_UNREACHABLE_CODE = YES;
				CLANG_WARN__DUPLICATE_METHOD_MATCH = YES;
				COPY_PHASE_STRIP = NO;
				DEBUG_INFORMATION_FORMAT = dwarf;
				ENABLE_STRICT_OBJC_MSGSEND = YES;
				ENABLE_TESTABILITY = YES;
				ENABLE_USER_SCRIPT_SANDBOXING = YES;
				GCC_C_LANGUAGE_STANDARD = gnu11;
				GCC_DYNAMIC_NO_PIC = NO;
				GCC_NO_COMMON_BLOCKS = YES;
				GCC_OPTIMIZATION_LEVEL = 0;
				GCC_PREPROCESSOR_DEFINITIONS = (
					"DEBUG=1",
					"$(inherited)",
				);
				GCC_WARN_64_TO_32_BIT_CONVERSION = YES;
				GCC_WARN_ABOUT_RETURN_TYPE = YES_ERROR;
				GCC_WARN_UNDECLARED_SELECTOR = YES;
				GCC_WARN_UNINITIALIZED_AUTOS = YES_AGGRESSIVE;
				GCC_WARN_UNUSED_FUNCTION = YES;
				GCC_WARN_UNUSED_VARIABLE = YES;
				IPHONEOS_DEPLOYMENT_TARGET = 14.5;
				MTL_ENABLE_DEBUG_INFO = INCLUDE_SOURCE;
				MTL_FAST_MATH = YES;
				ONLY_ACTIVE_ARCH = YES;
				SDKROOT = iphoneos;
			};
			name = Debug;
		};
		AC9C875F26A6717000FA58FA /* Release */ = {
			isa = XCBuildConfiguration;
			buildSettings = {
				ALWAYS_SEARCH_USER_PATHS = NO;
				CLANG_ANALYZER_NONNULL = YES;
				CLANG_ANALYZER_NUMBER_OBJECT_CONVERSION = YES_AGGRESSIVE;
				CLANG_CXX_LANGUAGE_STANDARD = "gnu++14";
				CLANG_CXX_LIBRARY = "libc++";
				CLANG_ENABLE_MODULES = YES;
				CLANG_ENABLE_OBJC_ARC = YES;
				CLANG_ENABLE_OBJC_WEAK = YES;
				CLANG_WARN_BLOCK_CAPTURE_AUTORELEASING = YES;
				CLANG_WARN_BOOL_CONVERSION = YES;
				CLANG_WARN_COMMA = YES;
				CLANG_WARN_CONSTANT_CONVERSION = YES;
				CLANG_WARN_DEPRECATED_OBJC_IMPLEMENTATIONS = YES;
				CLANG_WARN_DIRECT_OBJC_ISA_USAGE = YES_ERROR;
				CLANG_WARN_DOCUMENTATION_COMMENTS = YES;
				CLANG_WARN_EMPTY_BODY = YES;
				CLANG_WARN_ENUM_CONVERSION = YES;
				CLANG_WARN_INFINITE_RECURSION = YES;
				CLANG_WARN_INT_CONVERSION = YES;
				CLANG_WARN_NON_LITERAL_NULL_CONVERSION = YES;
				CLANG_WARN_OBJC_IMPLICIT_RETAIN_SELF = YES;
				CLANG_WARN_OBJC_LITERAL_CONVERSION = YES;
				CLANG_WARN_OBJC_ROOT_CLASS = YES_ERROR;
				CLANG_WARN_QUOTED_INCLUDE_IN_FRAMEWORK_HEADER = YES;
				CLANG_WARN_RANGE_LOOP_ANALYSIS = YES;
				CLANG_WARN_STRICT_PROTOTYPES = YES;
				CLANG_WARN_SUSPICIOUS_MOVE = YES;
				CLANG_WARN_UNGUARDED_AVAILABILITY = YES_AGGRESSIVE;
				CLANG_WARN_UNREACHABLE_CODE = YES;
				CLANG_WARN__DUPLICATE_METHOD_MATCH = YES;
				COPY_PHASE_STRIP = NO;
				DEBUG_INFORMATION_FORMAT = "dwarf-with-dsym";
				ENABLE_NS_ASSERTIONS = NO;
				ENABLE_STRICT_OBJC_MSGSEND = YES;
				ENABLE_USER_SCRIPT_SANDBOXING = YES;
				GCC_C_LANGUAGE_STANDARD = gnu11;
				GCC_NO_COMMON_BLOCKS = YES;
				GCC_WARN_64_TO_32_BIT_CONVERSION = YES;
				GCC_WARN_ABOUT_RETURN_TYPE = YES_ERROR;
				GCC_WARN_UNDECLARED_SELECTOR = YES;
				GCC_WARN_UNINITIALIZED_AUTOS = YES_AGGRESSIVE;
				GCC_WARN_UNUSED_FUNCTION = YES;
				GCC_WARN_UNUSED_VARIABLE = YES;
				IPHONEOS_DEPLOYMENT_TARGET = 14.5;
				MTL_ENABLE_DEBUG_INFO = NO;
				MTL_FAST_MATH = YES;
				SDKROOT = iphoneos;
				VALIDATE_PRODUCT = YES;
			};
			name = Release;
		};
		AC9C876126A6717000FA58FA /* Debug */ = {
			isa = XCBuildConfiguration;
			buildSettings = {
				ASSETCATALOG_COMPILER_APPICON_NAME = AppIcon;
				ASSETCATALOG_COMPILER_GLOBAL_ACCENT_COLOR_NAME = AccentColor;
				CODE_SIGN_STYLE = Automatic;
				DEVELOPMENT_TEAM = 6Q4PW39HJB;
				INFOPLIST_FILE = MyBaseOC/Info.plist;
				IPHONEOS_DEPLOYMENT_TARGET = 15.6;
				LD_RUNPATH_SEARCH_PATHS = (
					"$(inherited)",
					"@executable_path/Frameworks",
				);
				PRODUCT_BUNDLE_IDENTIFIER = com.cn.dengwt.base.MyBaseOC;
				PRODUCT_NAME = "$(TARGET_NAME)";
				TARGETED_DEVICE_FAMILY = "1,2";
			};
			name = Debug;
		};
		AC9C876226A6717000FA58FA /* Release */ = {
			isa = XCBuildConfiguration;
			buildSettings = {
				ASSETCATALOG_COMPILER_APPICON_NAME = AppIcon;
				ASSETCATALOG_COMPILER_GLOBAL_ACCENT_COLOR_NAME = AccentColor;
				CODE_SIGN_STYLE = Automatic;
				DEVELOPMENT_TEAM = 6Q4PW39HJB;
				INFOPLIST_FILE = MyBaseOC/Info.plist;
				IPHONEOS_DEPLOYMENT_TARGET = 15.6;
				LD_RUNPATH_SEARCH_PATHS = (
					"$(inherited)",
					"@executable_path/Frameworks",
				);
				PRODUCT_BUNDLE_IDENTIFIER = com.cn.dengwt.base.MyBaseOC1;
				PRODUCT_NAME = "$(TARGET_NAME)";
				TARGETED_DEVICE_FAMILY = "1,2";
			};
			name = Release;
		};
/* End XCBuildConfiguration section */

/* Begin XCConfigurationList section */
		AC9C874226A6716F00FA58FA /* Build configuration list for PBXProject "MyBaseOC" */ = {
			isa = XCConfigurationList;
			buildConfigurations = (
				AC9C875E26A6717000FA58FA /* Debug */,
				AC9C875F26A6717000FA58FA /* Release */,
			);
			defaultConfigurationIsVisible = 0;
			defaultConfigurationName = Release;
		};
		AC9C876026A6717000FA58FA /* Build configuration list for PBXNativeTarget "MyBaseOC" */ = {
			isa = XCConfigurationList;
			buildConfigurations = (
				AC9C876126A6717000FA58FA /* Debug */,
				AC9C876226A6717000FA58FA /* Release */,
			);
			defaultConfigurationIsVisible = 0;
			defaultConfigurationName = Release;
		};
/* End XCConfigurationList section */
	};
	rootObject = AC9C873F26A6716F00FA58FA /* Project object */;
}
